{
  "name": "CMS",
  "lockfileVersion": 2,
  "requires": true,
  "packages": {
    "": {
      "dependencies": {
        "receipt": "^1.4.0"
      }
    },
    "node_modules/is-finite": {
      "version": "1.1.0",
      "resolved": "https://registry.npmjs.org/is-finite/-/is-finite-1.1.0.tgz",
      "integrity": "sha512-cdyMtqX/BOqqNBBiKlIVkytNHm49MtMlYyn1zxzvJKWmFMlGzm+ry5BBfYyeY9YmNKbRSo/o7OX9w9ale0wg3w==",
      "engines": {
        "node": ">=0.10.0"
      },
      "funding": {
        "url": "https://github.com/sponsors/sindresorhus"
      }
    },
    "node_modules/number-is-integer": {
      "version": "1.0.1",
      "resolved": "https://registry.npmjs.org/number-is-integer/-/number-is-integer-1.0.1.tgz",
      "integrity": "sha512-Dq3iuiFBkrbmuQjGFFF3zckXNCQoSD37/SdSbgcBailUx6knDvDwb5CympBgcoWHy36sfS12u74MHYkXyHq6bg==",
      "dependencies": {
        "is-finite": "^1.0.1"
      },
      "engines": {
        "node": ">=0.10.0"
      }
    },
    "node_modules/receipt": {
      "version": "1.4.0",
      "resolved": "https://registry.npmjs.org/receipt/-/receipt-1.4.0.tgz",
      "integrity": "sha512-LiUqNTRBUici8nzNfgo+jHrmbV7nYRH48ry+uSd5WFA0dYkkvgJoUgmDu5G6rp/4vylOMOLiXCchG4DxIuLFOQ==",
      "dependencies": {
        "round-to": "^1.1.0"
      }
    },
    "node_modules/round-to": {
      "version": "1.1.0",
      "resolved": "https://registry.npmjs.org/round-to/-/round-to-1.1.0.tgz",
      "integrity": "sha512-xSTDhkjQfVudmd1E6CWTTJzQuQMCYmehJpMRMmAcZPos4zOICuswJ0KXetaCZKCrMi+FZlFTktd1+25xnvAmDA==",
      "dependencies": {
        "number-is-integer": "^1.0.0"
      },
      "engines": {
        "node": ">=0.10.0"
      }
    }
  },
  "dependencies": {
    "is-finite": {
      "version": "1.1.0",
      "resolved": "https://registry.npmjs.org/is-finite/-/is-finite-1.1.0.tgz",
      "integrity": "sha512-cdyMtqX/BOqqNBBiKlIVkytNHm49MtMlYyn1zxzvJKWmFMlGzm+ry5BBfYyeY9YmNKbRSo/o7OX9w9ale0wg3w=="
    },
    "number-is-integer": {
      "version": "1.0.1",
      "resolved": "https://registry.npmjs.org/number-is-integer/-/number-is-integer-1.0.1.tgz",
      "integrity": "sha512-Dq3iuiFBkrbmuQjGFFF3zckXNCQoSD37/SdSbgcBailUx6knDvDwb5CympBgcoWHy36sfS12u74MHYkXyHq6bg==",
      "requires": {
        "is-finite": "^1.0.1"
      }
    },
    "receipt": {
      "version": "1.4.0",
      "resolved": "https://registry.npmjs.org/receipt/-/receipt-1.4.0.tgz",
      "integrity": "sha512-LiUqNTRBUici8nzNfgo+jHrmbV7nYRH48ry+uSd5WFA0dYkkvgJoUgmDu5G6rp/4vylOMOLiXCchG4DxIuLFOQ==",
      "requires": {
        "round-to": "^1.1.0"
      }
    },
    "round-to": {
      "version": "1.1.0",
      "resolved": "https://registry.npmjs.org/round-to/-/round-to-1.1.0.tgz",
      "integrity": "sha512-xSTDhkjQfVudmd1E6CWTTJzQuQMCYmehJpMRMmAcZPos4zOICuswJ0KXetaCZKCrMi+FZlFTktd1+25xnvAmDA==",
      "requires": {
        "number-is-integer": "^1.0.0"
      }
    }
  }
}
